
Microsoft Visual Studio Solution File, Format Version 12.00
# Visual Studio Version 17
VisualStudioVersion = 17.14.36310.24 d17.14
MinimumVisualStudioVersion = 10.0.40219.1
Project("{FAE04EC0-301F-11D3-BF4B-00C04F79EFBC}") = "Activity 2Shopping Cart Price Summary", "Activity 2Shopping Cart Price Summary.csproj", "{12674F5C-F5F3-4E39-B2F3-0F204887F4BA}"
EndProject
Global
	GlobalSection(SolutionConfigurationPlatforms) = preSolution
		Debug|Any CPU = Debug|Any CPU
		Release|Any CPU = Release|Any CPU
	EndGlobalSection
	GlobalSection(ProjectConfigurationPlatforms) = postSolution
		{12674F5C-F5F3-4E39-B2F3-0F204887F4BA}.Debug|Any CPU.ActiveCfg = Debug|Any CPU
		{12674F5C-F5F3-4E39-B2F3-0F204887F4BA}.Debug|Any CPU.Build.0 = Debug|Any CPU
		{12674F5C-F5F3-4E39-B2F3-0F204887F4BA}.Release|Any CPU.ActiveCfg = Release|Any CPU
		{12674F5C-F5F3-4E39-B2F3-0F204887F4BA}.Release|Any CPU.Build.0 = Release|Any CPU
	EndGlobalSection
	GlobalSection(SolutionProperties) = preSolution
		HideSolutionNode = FALSE
	EndGlobalSection
	GlobalSection(ExtensibilityGlobals) = postSolution
		SolutionGuid = {470A560F-09B7-4183-9A9E-803ABBD5369C}
	EndGlobalSection
EndGlobal
